
Microsoft Visual Studio Solution File, Format Version 12.00
# Visual Studio Version 17
VisualStudioVersion = 17.3.32811.315
MinimumVisualStudioVersion = 10.0.40219.1
Project("{FAE04EC0-301F-11D3-BF4B-00C04F79EFBC}") = "asyncenumerableyield-api", "asyncenumerableyield-api\asyncenumerableyield-api.csproj", "{7980D9FB-2E69-45C6-AA45-12F4967355C4}"
EndProject
Global
	GlobalSection(SolutionConfigurationPlatforms) = preSolution
		Debug|Any CPU = Debug|Any CPU
		Release|Any CPU = Release|Any CPU
	EndGlobalSection
	GlobalSection(ProjectConfigurationPlatforms) = postSolution
		{7980D9FB-2E69-45C6-AA45-12F4967355C4}.Debug|Any CPU.ActiveCfg = Debug|Any CPU
		{7980D9FB-2E69-45C6-AA45-12F4967355C4}.Debug|Any CPU.Build.0 = Debug|Any CPU
		{7980D9FB-2E69-45C6-AA45-12F4967355C4}.Release|Any CPU.ActiveCfg = Release|Any CPU
		{7980D9FB-2E69-45C6-AA45-12F4967355C4}.Release|Any CPU.Build.0 = Release|Any CPU
	EndGlobalSection
	GlobalSection(SolutionProperties) = preSolution
		HideSolutionNode = FALSE
	EndGlobalSection
	GlobalSection(ExtensibilityGlobals) = postSolution
		SolutionGuid = {50E053E3-883C-44E2-A0CF-701B68CDD81B}
	EndGlobalSection
EndGlobal
